{
  "originHash" : "533de208f7207fdd36b99a2f0036707fca012c23defe0e4e99a820106aff336d",
  "pins" : [
    {
      "identity" : "purchases-ios-spm",
      "kind" : "remoteSourceControl",
      "location" : "https://github.com/RevenueCat/purchases-ios-spm.git",
      "state" : {
        "revision" : "d157a0cf7b262da6d25ff91d9ee14f2d4d7fb776",
        "version" : "5.49.3"
      }
    }
  ],
  "version" : 3
}
